
Microsoft Visual Studio Solution File, Format Version 12.00
# Visual Studio Version 17
VisualStudioVersion = 17.1.32421.90
MinimumVisualStudioVersion = 10.0.40219.1
Project("{9A19103F-16F7-4668-BE54-9A1E7A4F7556}") = "WebApplication", "WebApplication\WebApplication.csproj", "{4DED3368-FBB6-4139-8198-503FBE0DCADE}"
EndProject
Project("{9A19103F-16F7-4668-BE54-9A1E7A4F7556}") = "DAL", "DAL\DAL.csproj", "{B2DCAE96-FB10-4931-9381-5A1F7FED5C61}"
EndProject
Project("{9A19103F-16F7-4668-BE54-9A1E7A4F7556}") = "BLL", "DLL\BLL.csproj", "{5B1856D7-BE04-4073-BAB1-B347955D67C4}"
EndProject
Project("{FAE04EC0-301F-11D3-BF4B-00C04F79EFBC}") = "Models", "Models\Models.csproj", "{CA6DFD74-E907-42BF-BFD0-53AA6691E4DB}"
EndProject
Global
	GlobalSection(SolutionConfigurationPlatforms) = preSolution
		Debug|Any CPU = Debug|Any CPU
		Release|Any CPU = Release|Any CPU
	EndGlobalSection
	GlobalSection(ProjectConfigurationPlatforms) = postSolution
		{4DED3368-FBB6-4139-8198-503FBE0DCADE}.Debug|Any CPU.ActiveCfg = Debug|Any CPU
		{4DED3368-FBB6-4139-8198-503FBE0DCADE}.Debug|Any CPU.Build.0 = Debug|Any CPU
		{4DED3368-FBB6-4139-8198-503FBE0DCADE}.Release|Any CPU.ActiveCfg = Release|Any CPU
		{4DED3368-FBB6-4139-8198-503FBE0DCADE}.Release|Any CPU.Build.0 = Release|Any CPU
		{B2DCAE96-FB10-4931-9381-5A1F7FED5C61}.Debug|Any CPU.ActiveCfg = Debug|Any CPU
		{B2DCAE96-FB10-4931-9381-5A1F7FED5C61}.Debug|Any CPU.Build.0 = Debug|Any CPU
		{B2DCAE96-FB10-4931-9381-5A1F7FED5C61}.Release|Any CPU.ActiveCfg = Release|Any CPU
		{B2DCAE96-FB10-4931-9381-5A1F7FED5C61}.Release|Any CPU.Build.0 = Release|Any CPU
		{5B1856D7-BE04-4073-BAB1-B347955D67C4}.Debug|Any CPU.ActiveCfg = Debug|Any CPU
		{5B1856D7-BE04-4073-BAB1-B347955D67C4}.Debug|Any CPU.Build.0 = Debug|Any CPU
		{5B1856D7-BE04-4073-BAB1-B347955D67C4}.Release|Any CPU.ActiveCfg = Release|Any CPU
		{5B1856D7-BE04-4073-BAB1-B347955D67C4}.Release|Any CPU.Build.0 = Release|Any CPU
		{CA6DFD74-E907-42BF-BFD0-53AA6691E4DB}.Debug|Any CPU.ActiveCfg = Debug|Any CPU
		{CA6DFD74-E907-42BF-BFD0-53AA6691E4DB}.Debug|Any CPU.Build.0 = Debug|Any CPU
		{CA6DFD74-E907-42BF-BFD0-53AA6691E4DB}.Release|Any CPU.ActiveCfg = Release|Any CPU
		{CA6DFD74-E907-42BF-BFD0-53AA6691E4DB}.Release|Any CPU.Build.0 = Release|Any CPU
	EndGlobalSection
	GlobalSection(SolutionProperties) = preSolution
		HideSolutionNode = FALSE
	EndGlobalSection
	GlobalSection(ExtensibilityGlobals) = postSolution
		SolutionGuid = {536084E6-1BD9-4C25-A733-F536635F4292}
	EndGlobalSection
EndGlobal
